
Microsoft Visual Studio Solution File, Format Version 12.00
# Visual Studio Version 16
VisualStudioVersion = 16.0.30225.117
MinimumVisualStudioVersion = 10.0.40219.1
Project("{2150E333-8FDC-42A3-9474-1A3956D46DE8}") = "Application", "Application", "{4DAA21BE-4358-4CE2-AAF8-CB31EC5205E5}"
EndProject
Project("{2150E333-8FDC-42A3-9474-1A3956D46DE8}") = "Presentation", "Presentation", "{5E4DBD99-B8E6-466B-A62E-A835359FF1DA}"
EndProject
Project("{2150E333-8FDC-42A3-9474-1A3956D46DE8}") = "Persistence", "Persistence", "{48DF83F9-2DC4-45E6-96B6-FE2683E4B849}"
EndProject
Project("{2150E333-8FDC-42A3-9474-1A3956D46DE8}") = "Infrastructure", "Infrastructure", "{7EDB7E4F-52A1-481F-92E6-4C1AC08DC2EA}"
EndProject
Project("{9A19103F-16F7-4668-BE54-9A1E7A4F7556}") = "ContactManager.Panel", "ContactManager.Panel\ContactManager.Panel.csproj", "{9966C650-15A6-4692-8B7C-D331944A53AA}"
EndProject
Project("{9A19103F-16F7-4668-BE54-9A1E7A4F7556}") = "Context", "Context\Context.csproj", "{CD4F32A7-E60B-4A3D-9015-BA7490474AA8}"
EndProject
Project("{9A19103F-16F7-4668-BE54-9A1E7A4F7556}") = "Repositories", "Repositories\Repositories.csproj", "{61974BEF-2827-4B2D-8AE8-86BF8AC81576}"
EndProject
Project("{9A19103F-16F7-4668-BE54-9A1E7A4F7556}") = "Entities", "Entities\Entities.csproj", "{98D5B5FA-9704-4E55-86F7-23C36D0DF3C7}"
EndProject
Project("{9A19103F-16F7-4668-BE54-9A1E7A4F7556}") = "DataTransferObject", "DataTransferObject\DataTransferObject.csproj", "{FDDE695F-DF83-4775-817A-C08D6E9DFC36}"
EndProject
Project("{9A19103F-16F7-4668-BE54-9A1E7A4F7556}") = "Commands", "Commands\Commands.csproj", "{B729EF21-3424-480F-BB42-743B3EE72214}"
EndProject
Project("{9A19103F-16F7-4668-BE54-9A1E7A4F7556}") = "Queries", "Queries\Queries.csproj", "{C5ABCB14-7F00-4D2C-8F1F-B144B5125FC7}"
EndProject
Project("{9A19103F-16F7-4668-BE54-9A1E7A4F7556}") = "WebApi", "WebApi\WebApi.csproj", "{77097C1D-B351-4A93-A9E1-F2CBA93A4B95}"
EndProject
Project("{9A19103F-16F7-4668-BE54-9A1E7A4F7556}") = "Common", "Common\Common.csproj", "{CF8FF309-DFD2-4931-B741-02A860DDED4E}"
EndProject
Global
	GlobalSection(SolutionConfigurationPlatforms) = preSolution
		Debug|Any CPU = Debug|Any CPU
		Release|Any CPU = Release|Any CPU
	EndGlobalSection
	GlobalSection(ProjectConfigurationPlatforms) = postSolution
		{9966C650-15A6-4692-8B7C-D331944A53AA}.Debug|Any CPU.ActiveCfg = Debug|Any CPU
		{9966C650-15A6-4692-8B7C-D331944A53AA}.Debug|Any CPU.Build.0 = Debug|Any CPU
		{9966C650-15A6-4692-8B7C-D331944A53AA}.Release|Any CPU.ActiveCfg = Release|Any CPU
		{9966C650-15A6-4692-8B7C-D331944A53AA}.Release|Any CPU.Build.0 = Release|Any CPU
		{CD4F32A7-E60B-4A3D-9015-BA7490474AA8}.Debug|Any CPU.ActiveCfg = Debug|Any CPU
		{CD4F32A7-E60B-4A3D-9015-BA7490474AA8}.Debug|Any CPU.Build.0 = Debug|Any CPU
		{CD4F32A7-E60B-4A3D-9015-BA7490474AA8}.Release|Any CPU.ActiveCfg = Release|Any CPU
		{CD4F32A7-E60B-4A3D-9015-BA7490474AA8}.Release|Any CPU.Build.0 = Release|Any CPU
		{61974BEF-2827-4B2D-8AE8-86BF8AC81576}.Debug|Any CPU.ActiveCfg = Debug|Any CPU
		{61974BEF-2827-4B2D-8AE8-86BF8AC81576}.Debug|Any CPU.Build.0 = Debug|Any CPU
		{61974BEF-2827-4B2D-8AE8-86BF8AC81576}.Release|Any CPU.ActiveCfg = Release|Any CPU
		{61974BEF-2827-4B2D-8AE8-86BF8AC81576}.Release|Any CPU.Build.0 = Release|Any CPU
		{98D5B5FA-9704-4E55-86F7-23C36D0DF3C7}.Debug|Any CPU.ActiveCfg = Debug|Any CPU
		{98D5B5FA-9704-4E55-86F7-23C36D0DF3C7}.Debug|Any CPU.Build.0 = Debug|Any CPU
		{98D5B5FA-9704-4E55-86F7-23C36D0DF3C7}.Release|Any CPU.ActiveCfg = Release|Any CPU
		{98D5B5FA-9704-4E55-86F7-23C36D0DF3C7}.Release|Any CPU.Build.0 = Release|Any CPU
		{FDDE695F-DF83-4775-817A-C08D6E9DFC36}.Debug|Any CPU.ActiveCfg = Debug|Any CPU
		{FDDE695F-DF83-4775-817A-C08D6E9DFC36}.Debug|Any CPU.Build.0 = Debug|Any CPU
		{FDDE695F-DF83-4775-817A-C08D6E9DFC36}.Release|Any CPU.ActiveCfg = Release|Any CPU
		{FDDE695F-DF83-4775-817A-C08D6E9DFC36}.Release|Any CPU.Build.0 = Release|Any CPU
		{B729EF21-3424-480F-BB42-743B3EE72214}.Debug|Any CPU.ActiveCfg = Debug|Any CPU
		{B729EF21-3424-480F-BB42-743B3EE72214}.Debug|Any CPU.Build.0 = Debug|Any CPU
		{B729EF21-3424-480F-BB42-743B3EE72214}.Release|Any CPU.ActiveCfg = Release|Any CPU
		{B729EF21-3424-480F-BB42-743B3EE72214}.Release|Any CPU.Build.0 = Release|Any CPU
		{C5ABCB14-7F00-4D2C-8F1F-B144B5125FC7}.Debug|Any CPU.ActiveCfg = Debug|Any CPU
		{C5ABCB14-7F00-4D2C-8F1F-B144B5125FC7}.Debug|Any CPU.Build.0 = Debug|Any CPU
		{C5ABCB14-7F00-4D2C-8F1F-B144B5125FC7}.Release|Any CPU.ActiveCfg = Release|Any CPU
		{C5ABCB14-7F00-4D2C-8F1F-B144B5125FC7}.Release|Any CPU.Build.0 = Release|Any CPU
		{77097C1D-B351-4A93-A9E1-F2CBA93A4B95}.Debug|Any CPU.ActiveCfg = Debug|Any CPU
		{77097C1D-B351-4A93-A9E1-F2CBA93A4B95}.Debug|Any CPU.Build.0 = Debug|Any CPU
		{77097C1D-B351-4A93-A9E1-F2CBA93A4B95}.Release|Any CPU.ActiveCfg = Release|Any CPU
		{77097C1D-B351-4A93-A9E1-F2CBA93A4B95}.Release|Any CPU.Build.0 = Release|Any CPU
		{CF8FF309-DFD2-4931-B741-02A860DDED4E}.Debug|Any CPU.ActiveCfg = Debug|Any CPU
		{CF8FF309-DFD2-4931-B741-02A860DDED4E}.Debug|Any CPU.Build.0 = Debug|Any CPU
		{CF8FF309-DFD2-4931-B741-02A860DDED4E}.Release|Any CPU.ActiveCfg = Release|Any CPU
		{CF8FF309-DFD2-4931-B741-02A860DDED4E}.Release|Any CPU.Build.0 = Release|Any CPU
	EndGlobalSection
	GlobalSection(SolutionProperties) = preSolution
		HideSolutionNode = FALSE
	EndGlobalSection
	GlobalSection(NestedProjects) = preSolution
		{9966C650-15A6-4692-8B7C-D331944A53AA} = {5E4DBD99-B8E6-466B-A62E-A835359FF1DA}
		{CD4F32A7-E60B-4A3D-9015-BA7490474AA8} = {48DF83F9-2DC4-45E6-96B6-FE2683E4B849}
		{61974BEF-2827-4B2D-8AE8-86BF8AC81576} = {48DF83F9-2DC4-45E6-96B6-FE2683E4B849}
		{98D5B5FA-9704-4E55-86F7-23C36D0DF3C7} = {48DF83F9-2DC4-45E6-96B6-FE2683E4B849}
		{FDDE695F-DF83-4775-817A-C08D6E9DFC36} = {7EDB7E4F-52A1-481F-92E6-4C1AC08DC2EA}
		{B729EF21-3424-480F-BB42-743B3EE72214} = {4DAA21BE-4358-4CE2-AAF8-CB31EC5205E5}
		{C5ABCB14-7F00-4D2C-8F1F-B144B5125FC7} = {4DAA21BE-4358-4CE2-AAF8-CB31EC5205E5}
		{77097C1D-B351-4A93-A9E1-F2CBA93A4B95} = {5E4DBD99-B8E6-466B-A62E-A835359FF1DA}
		{CF8FF309-DFD2-4931-B741-02A860DDED4E} = {7EDB7E4F-52A1-481F-92E6-4C1AC08DC2EA}
	EndGlobalSection
	GlobalSection(ExtensibilityGlobals) = postSolution
		SolutionGuid = {5B788372-8637-42A1-B537-4D0CD10E9AAA}
	EndGlobalSection
EndGlobal
